
Microsoft Visual Studio Solution File, Format Version 12.00
# Visual Studio Version 17
VisualStudioVersion = 17.5.002.0
MinimumVisualStudioVersion = 10.0.40219.1
Project("{9A19103F-16F7-4668-BE54-9A1E7A4F7556}") = "example001", "example001\example001.csproj", "{C4CC9B40-3CBB-4648-9A17-86C41915361F}"
EndProject
Project("{9A19103F-16F7-4668-BE54-9A1E7A4F7556}") = "example002_HelloUser", "example002_HelloUser\example002_HelloUser.csproj", "{CC2349F8-C440-4ACE-9131-A580E93FD4E4}"
EndProject
Project("{9A19103F-16F7-4668-BE54-9A1E7A4F7556}") = "example003Sum", "example003Sum\example003Sum.csproj", "{032FE1D6-CB6F-48DD-8063-476DA3D96350}"
EndProject
Global
	GlobalSection(SolutionConfigurationPlatforms) = preSolution
		Debug|Any CPU = Debug|Any CPU
		Release|Any CPU = Release|Any CPU
	EndGlobalSection
	GlobalSection(ProjectConfigurationPlatforms) = postSolution
		{C4CC9B40-3CBB-4648-9A17-86C41915361F}.Debug|Any CPU.ActiveCfg = Debug|Any CPU
		{C4CC9B40-3CBB-4648-9A17-86C41915361F}.Debug|Any CPU.Build.0 = Debug|Any CPU
		{C4CC9B40-3CBB-4648-9A17-86C41915361F}.Release|Any CPU.ActiveCfg = Release|Any CPU
		{C4CC9B40-3CBB-4648-9A17-86C41915361F}.Release|Any CPU.Build.0 = Release|Any CPU
		{CC2349F8-C440-4ACE-9131-A580E93FD4E4}.Debug|Any CPU.ActiveCfg = Debug|Any CPU
		{CC2349F8-C440-4ACE-9131-A580E93FD4E4}.Debug|Any CPU.Build.0 = Debug|Any CPU
		{CC2349F8-C440-4ACE-9131-A580E93FD4E4}.Release|Any CPU.ActiveCfg = Release|Any CPU
		{CC2349F8-C440-4ACE-9131-A580E93FD4E4}.Release|Any CPU.Build.0 = Release|Any CPU
		{032FE1D6-CB6F-48DD-8063-476DA3D96350}.Debug|Any CPU.ActiveCfg = Debug|Any CPU
		{032FE1D6-CB6F-48DD-8063-476DA3D96350}.Debug|Any CPU.Build.0 = Debug|Any CPU
		{032FE1D6-CB6F-48DD-8063-476DA3D96350}.Release|Any CPU.ActiveCfg = Release|Any CPU
		{032FE1D6-CB6F-48DD-8063-476DA3D96350}.Release|Any CPU.Build.0 = Release|Any CPU
	EndGlobalSection
	GlobalSection(SolutionProperties) = preSolution
		HideSolutionNode = FALSE
	EndGlobalSection
	GlobalSection(ExtensibilityGlobals) = postSolution
		SolutionGuid = {92725B0B-2551-4956-A44F-72451D13DE06}
	EndGlobalSection
EndGlobal
